hash: 803b905d0330851c24497125e708574126c62ed9e42f3e995e3a943c8e412fdc
updated: 2017-05-05T20:04:48.847882583-03:00
imports:
- name: github.com/dgrijalva/jwt-go
  version: d2709f9f1f31ebcda9651b03077758c1f3a0018c
- name: github.com/hashicorp/go-uuid
  version: 64130c7a86d732268a38cb04cfbaf0cc987fda98
testImports: []
